
Microsoft Visual Studio Solution File, Format Version 12.00
# Visual Studio 2013
VisualStudioVersion = 12.0.21005.1
MinimumVisualStudioVersion = 10.0.40219.1
Project("{FAE04EC0-301F-11D3-BF4B-00C04F79EFBC}") = "Cliente-TCP", "Cliente-TCP\Cliente-TCP.csproj", "{C4AED91D-91A5-4481-9FDA-C462D23D928B}"
EndProject
Project("{FAE04EC0-301F-11D3-BF4B-00C04F79EFBC}") = "Servidor-TCP", "Servidor-TCP\Servidor-TCP.csproj", "{CEBA2DAB-576B-4F97-9595-3E3549B1C158}"
EndProject
Global
	GlobalSection(SolutionConfigurationPlatforms) = preSolution
		Debug|Any CPU = Debug|Any CPU
		Release|Any CPU = Release|Any CPU
	EndGlobalSection
	GlobalSection(ProjectConfigurationPlatforms) = postSolution
		{C4AED91D-91A5-4481-9FDA-C462D23D928B}.Debug|Any CPU.ActiveCfg = Debug|Any CPU
		{C4AED91D-91A5-4481-9FDA-C462D23D928B}.Debug|Any CPU.Build.0 = Debug|Any CPU
		{C4AED91D-91A5-4481-9FDA-C462D23D928B}.Release|Any CPU.ActiveCfg = Release|Any CPU
		{C4AED91D-91A5-4481-9FDA-C462D23D928B}.Release|Any CPU.Build.0 = Release|Any CPU
		{CEBA2DAB-576B-4F97-9595-3E3549B1C158}.Debug|Any CPU.ActiveCfg = Debug|Any CPU
		{CEBA2DAB-576B-4F97-9595-3E3549B1C158}.Debug|Any CPU.Build.0 = Debug|Any CPU
		{CEBA2DAB-576B-4F97-9595-3E3549B1C158}.Release|Any CPU.ActiveCfg = Release|Any CPU
		{CEBA2DAB-576B-4F97-9595-3E3549B1C158}.Release|Any CPU.Build.0 = Release|Any CPU
	EndGlobalSection
	GlobalSection(SolutionProperties) = preSolution
		HideSolutionNode = FALSE
	EndGlobalSection
EndGlobal
